
Microsoft Visual Studio Solution File, Format Version 12.00
# Visual Studio Version 17
VisualStudioVersion = 17.5.002.0
MinimumVisualStudioVersion = 10.0.40219.1
Project("{9A19103F-16F7-4668-BE54-9A1E7A4F7556}") = "Capabilities", "Capabilities\Capabilities.csproj", "{8AE3E2F2-2A8B-4A03-9580-98C4B393D0F3}"
EndProject
Project("{9A19103F-16F7-4668-BE54-9A1E7A4F7556}") = "EventBindingsAndBehaviors", "EventBindingsAndBehaviors\EventBindingsAndBehaviors.csproj", "{E4582391-F0E5-4B1F-9997-EDC529758077}"
EndProject
Project("{9A19103F-16F7-4668-BE54-9A1E7A4F7556}") = "FileDialogs", "FileDialogs\FileDialogs.csproj", "{79872989-BA50-4F60-9C21-44E2B20FDF3B}"
EndProject
Project("{9A19103F-16F7-4668-BE54-9A1E7A4F7556}") = "FileDialogsCmdMsg", "FileDialogsCmdMsg\FileDialogsCmdMsg.csproj", "{B4088863-1468-4A79-97BF-AC9739EF658D}"
EndProject
Project("{9A19103F-16F7-4668-BE54-9A1E7A4F7556}") = "Multiselect", "Multiselect\Multiselect.csproj", "{E7AA45C9-00C2-4ECB-B5FD-187536F49CB3}"
EndProject
Project("{9A19103F-16F7-4668-BE54-9A1E7A4F7556}") = "NewWindow", "NewWindow\NewWindow.csproj", "{5B26C01A-7A1B-47A6-8894-D9F3D6380141}"
EndProject
Project("{9A19103F-16F7-4668-BE54-9A1E7A4F7556}") = "OneWaySeq", "OneWaySeq\OneWaySeq.csproj", "{4CA33C31-26FF-4424-B927-DADF4F658ACB}"
EndProject
Project("{9A19103F-16F7-4668-BE54-9A1E7A4F7556}") = "SingleCounter", "SingleCounter\SingleCounter.csproj", "{39FF8AAE-344A-4F22-BBEA-114924AD6777}"
EndProject
Project("{9A19103F-16F7-4668-BE54-9A1E7A4F7556}") = "Sticky", "Sticky\Sticky.csproj", "{934C3AE9-DEB7-4592-80B7-9C5F4ED78D0A}"
EndProject
Project("{9A19103F-16F7-4668-BE54-9A1E7A4F7556}") = "SubModel", "SubModel\SubModel.csproj", "{B02B75FD-E955-41CF-BF22-BD801AB9937A}"
EndProject
Project("{9A19103F-16F7-4668-BE54-9A1E7A4F7556}") = "SubModelOpt", "SubModelOpt\SubModelOpt.csproj", "{988AF17D-4F7D-45C4-A81F-8EA1CA282991}"
EndProject
Project("{9A19103F-16F7-4668-BE54-9A1E7A4F7556}") = "SubModelSelectedItem", "SubModelSelectedItem\SubModelSelectedItem.csproj", "{B2EB9BBB-9552-4A50-874E-082BC4E7FEC8}"
EndProject
Project("{9A19103F-16F7-4668-BE54-9A1E7A4F7556}") = "SubModelSeq", "SubModelSeq\SubModelSeq.csproj", "{A9E5E2AC-F649-4AF2-A408-8B0F0C35C6D1}"
EndProject
Project("{9A19103F-16F7-4668-BE54-9A1E7A4F7556}") = "SubModelStatic", "SubModelStatic\SubModelStatic.csproj", "{8D864790-FA1B-4086-9564-B7DE2E4EA4F7}"
EndProject
Project("{9A19103F-16F7-4668-BE54-9A1E7A4F7556}") = "Threading", "Threading\Threading.csproj", "{A0F1F083-97A7-452E-AFFF-2CBBF3893C26}"
EndProject
Project("{9A19103F-16F7-4668-BE54-9A1E7A4F7556}") = "UiBoundCmdParam", "UiBoundCmdParam\UiBoundCmdParam.csproj", "{57C4F241-2C34-4195-9ECC-035F7F580D2B}"
EndProject
Project("{9A19103F-16F7-4668-BE54-9A1E7A4F7556}") = "Validation", "Validation\Validation.csproj", "{E442BB66-9754-4F9C-A37C-CF99E8F46BE3}"
EndProject
Global
	GlobalSection(SolutionConfigurationPlatforms) = preSolution
		Debug|Any CPU = Debug|Any CPU
		Release|Any CPU = Release|Any CPU
	EndGlobalSection
	GlobalSection(ProjectConfigurationPlatforms) = postSolution
		{8AE3E2F2-2A8B-4A03-9580-98C4B393D0F3}.Debug|Any CPU.ActiveCfg = Debug|Any CPU
		{8AE3E2F2-2A8B-4A03-9580-98C4B393D0F3}.Debug|Any CPU.Build.0 = Debug|Any CPU
		{8AE3E2F2-2A8B-4A03-9580-98C4B393D0F3}.Release|Any CPU.ActiveCfg = Release|Any CPU
		{8AE3E2F2-2A8B-4A03-9580-98C4B393D0F3}.Release|Any CPU.Build.0 = Release|Any CPU
		{E4582391-F0E5-4B1F-9997-EDC529758077}.Debug|Any CPU.ActiveCfg = Debug|Any CPU
		{E4582391-F0E5-4B1F-9997-EDC529758077}.Debug|Any CPU.Build.0 = Debug|Any CPU
		{E4582391-F0E5-4B1F-9997-EDC529758077}.Release|Any CPU.ActiveCfg = Release|Any CPU
		{E4582391-F0E5-4B1F-9997-EDC529758077}.Release|Any CPU.Build.0 = Release|Any CPU
		{79872989-BA50-4F60-9C21-44E2B20FDF3B}.Debug|Any CPU.ActiveCfg = Debug|Any CPU
		{79872989-BA50-4F60-9C21-44E2B20FDF3B}.Debug|Any CPU.Build.0 = Debug|Any CPU
		{79872989-BA50-4F60-9C21-44E2B20FDF3B}.Release|Any CPU.ActiveCfg = Release|Any CPU
		{79872989-BA50-4F60-9C21-44E2B20FDF3B}.Release|Any CPU.Build.0 = Release|Any CPU
		{B4088863-1468-4A79-97BF-AC9739EF658D}.Debug|Any CPU.ActiveCfg = Debug|Any CPU
		{B4088863-1468-4A79-97BF-AC9739EF658D}.Debug|Any CPU.Build.0 = Debug|Any CPU
		{B4088863-1468-4A79-97BF-AC9739EF658D}.Release|Any CPU.ActiveCfg = Release|Any CPU
		{B4088863-1468-4A79-97BF-AC9739EF658D}.Release|Any CPU.Build.0 = Release|Any CPU
		{E7AA45C9-00C2-4ECB-B5FD-187536F49CB3}.Debug|Any CPU.ActiveCfg = Debug|Any CPU
		{E7AA45C9-00C2-4ECB-B5FD-187536F49CB3}.Debug|Any CPU.Build.0 = Debug|Any CPU
		{E7AA45C9-00C2-4ECB-B5FD-187536F49CB3}.Release|Any CPU.ActiveCfg = Release|Any CPU
		{E7AA45C9-00C2-4ECB-B5FD-187536F49CB3}.Release|Any CPU.Build.0 = Release|Any CPU
		{5B26C01A-7A1B-47A6-8894-D9F3D6380141}.Debug|Any CPU.ActiveCfg = Debug|Any CPU
		{5B26C01A-7A1B-47A6-8894-D9F3D6380141}.Debug|Any CPU.Build.0 = Debug|Any CPU
		{5B26C01A-7A1B-47A6-8894-D9F3D6380141}.Release|Any CPU.ActiveCfg = Release|Any CPU
		{5B26C01A-7A1B-47A6-8894-D9F3D6380141}.Release|Any CPU.Build.0 = Release|Any CPU
		{4CA33C31-26FF-4424-B927-DADF4F658ACB}.Debug|Any CPU.ActiveCfg = Debug|Any CPU
		{4CA33C31-26FF-4424-B927-DADF4F658ACB}.Debug|Any CPU.Build.0 = Debug|Any CPU
		{4CA33C31-26FF-4424-B927-DADF4F658ACB}.Release|Any CPU.ActiveCfg = Release|Any CPU
		{4CA33C31-26FF-4424-B927-DADF4F658ACB}.Release|Any CPU.Build.0 = Release|Any CPU
		{39FF8AAE-344A-4F22-BBEA-114924AD6777}.Debug|Any CPU.ActiveCfg = Debug|Any CPU
		{39FF8AAE-344A-4F22-BBEA-114924AD6777}.Debug|Any CPU.Build.0 = Debug|Any CPU
		{39FF8AAE-344A-4F22-BBEA-114924AD6777}.Release|Any CPU.ActiveCfg = Release|Any CPU
		{39FF8AAE-344A-4F22-BBEA-114924AD6777}.Release|Any CPU.Build.0 = Release|Any CPU
		{934C3AE9-DEB7-4592-80B7-9C5F4ED78D0A}.Debug|Any CPU.ActiveCfg = Debug|Any CPU
		{934C3AE9-DEB7-4592-80B7-9C5F4ED78D0A}.Debug|Any CPU.Build.0 = Debug|Any CPU
		{934C3AE9-DEB7-4592-80B7-9C5F4ED78D0A}.Release|Any CPU.ActiveCfg = Release|Any CPU
		{934C3AE9-DEB7-4592-80B7-9C5F4ED78D0A}.Release|Any CPU.Build.0 = Release|Any CPU
		{B02B75FD-E955-41CF-BF22-BD801AB9937A}.Debug|Any CPU.ActiveCfg = Debug|Any CPU
		{B02B75FD-E955-41CF-BF22-BD801AB9937A}.Debug|Any CPU.Build.0 = Debug|Any CPU
		{B02B75FD-E955-41CF-BF22-BD801AB9937A}.Release|Any CPU.ActiveCfg = Release|Any CPU
		{B02B75FD-E955-41CF-BF22-BD801AB9937A}.Release|Any CPU.Build.0 = Release|Any CPU
		{988AF17D-4F7D-45C4-A81F-8EA1CA282991}.Debug|Any CPU.ActiveCfg = Debug|Any CPU
		{988AF17D-4F7D-45C4-A81F-8EA1CA282991}.Debug|Any CPU.Build.0 = Debug|Any CPU
		{988AF17D-4F7D-45C4-A81F-8EA1CA282991}.Release|Any CPU.ActiveCfg = Release|Any CPU
		{988AF17D-4F7D-45C4-A81F-8EA1CA282991}.Release|Any CPU.Build.0 = Release|Any CPU
		{B2EB9BBB-9552-4A50-874E-082BC4E7FEC8}.Debug|Any CPU.ActiveCfg = Debug|Any CPU
		{B2EB9BBB-9552-4A50-874E-082BC4E7FEC8}.Debug|Any CPU.Build.0 = Debug|Any CPU
		{B2EB9BBB-9552-4A50-874E-082BC4E7FEC8}.Release|Any CPU.ActiveCfg = Release|Any CPU
		{B2EB9BBB-9552-4A50-874E-082BC4E7FEC8}.Release|Any CPU.Build.0 = Release|Any CPU
		{A9E5E2AC-F649-4AF2-A408-8B0F0C35C6D1}.Debug|Any CPU.ActiveCfg = Debug|Any CPU
		{A9E5E2AC-F649-4AF2-A408-8B0F0C35C6D1}.Debug|Any CPU.Build.0 = Debug|Any CPU
		{A9E5E2AC-F649-4AF2-A408-8B0F0C35C6D1}.Release|Any CPU.ActiveCfg = Release|Any CPU
		{A9E5E2AC-F649-4AF2-A408-8B0F0C35C6D1}.Release|Any CPU.Build.0 = Release|Any CPU
		{8D864790-FA1B-4086-9564-B7DE2E4EA4F7}.Debug|Any CPU.ActiveCfg = Debug|Any CPU
		{8D864790-FA1B-4086-9564-B7DE2E4EA4F7}.Debug|Any CPU.Build.0 = Debug|Any CPU
		{8D864790-FA1B-4086-9564-B7DE2E4EA4F7}.Release|Any CPU.ActiveCfg = Release|Any CPU
		{8D864790-FA1B-4086-9564-B7DE2E4EA4F7}.Release|Any CPU.Build.0 = Release|Any CPU
		{A0F1F083-97A7-452E-AFFF-2CBBF3893C26}.Debug|Any CPU.ActiveCfg = Debug|Any CPU
		{A0F1F083-97A7-452E-AFFF-2CBBF3893C26}.Debug|Any CPU.Build.0 = Debug|Any CPU
		{A0F1F083-97A7-452E-AFFF-2CBBF3893C26}.Release|Any CPU.ActiveCfg = Release|Any CPU
		{A0F1F083-97A7-452E-AFFF-2CBBF3893C26}.Release|Any CPU.Build.0 = Release|Any CPU
		{57C4F241-2C34-4195-9ECC-035F7F580D2B}.Debug|Any CPU.ActiveCfg = Debug|Any CPU
		{57C4F241-2C34-4195-9ECC-035F7F580D2B}.Debug|Any CPU.Build.0 = Debug|Any CPU
		{57C4F241-2C34-4195-9ECC-035F7F580D2B}.Release|Any CPU.ActiveCfg = Release|Any CPU
		{57C4F241-2C34-4195-9ECC-035F7F580D2B}.Release|Any CPU.Build.0 = Release|Any CPU
		{E442BB66-9754-4F9C-A37C-CF99E8F46BE3}.Debug|Any CPU.ActiveCfg = Debug|Any CPU
		{E442BB66-9754-4F9C-A37C-CF99E8F46BE3}.Debug|Any CPU.Build.0 = Debug|Any CPU
		{E442BB66-9754-4F9C-A37C-CF99E8F46BE3}.Release|Any CPU.ActiveCfg = Release|Any CPU
		{E442BB66-9754-4F9C-A37C-CF99E8F46BE3}.Release|Any CPU.Build.0 = Release|Any CPU
	EndGlobalSection
	GlobalSection(SolutionProperties) = preSolution
		HideSolutionNode = FALSE
	EndGlobalSection
	GlobalSection(ExtensibilityGlobals) = postSolution
		SolutionGuid = {EAE8C9E3-06B3-4889-8E00-600FB55BEA5E}
	EndGlobalSection
EndGlobal
